
Microsoft Visual Studio Solution File, Format Version 12.00
# Visual Studio 15
Project("{FAE04EC0-301F-11D3-BF4B-00C04F79EFBC}") = "Assembly-CSharp", "Assembly-CSharp.csproj", "{DFED09BF-BE8C-40EF-01D6-0C853EFF23D7}"
EndProject
Project("{FAE04EC0-301F-11D3-BF4B-00C04F79EFBC}") = "Assembly-CSharp-Editor", "Assembly-CSharp-Editor.csproj", "{72250C02-EB3E-5AED-96FE-12331C26C147}"
EndProject
Global
	GlobalSection(SolutionConfigurationPlatforms) = preSolution
		Debug|Any CPU = Debug|Any CPU
		Release|Any CPU = Release|Any CPU
	EndGlobalSection
	GlobalSection(ProjectConfigurationPlatforms) = postSolution
		{DFED09BF-BE8C-40EF-01D6-0C853EFF23D7}.Debug|Any CPU.ActiveCfg = Debug|Any CPU
		{DFED09BF-BE8C-40EF-01D6-0C853EFF23D7}.Debug|Any CPU.Build.0 = Debug|Any CPU
		{DFED09BF-BE8C-40EF-01D6-0C853EFF23D7}.Release|Any CPU.ActiveCfg = Release|Any CPU
		{DFED09BF-BE8C-40EF-01D6-0C853EFF23D7}.Release|Any CPU.Build.0 = Release|Any CPU
		{72250C02-EB3E-5AED-96FE-12331C26C147}.Debug|Any CPU.ActiveCfg = Debug|Any CPU
		{72250C02-EB3E-5AED-96FE-12331C26C147}.Debug|Any CPU.Build.0 = Debug|Any CPU
		{72250C02-EB3E-5AED-96FE-12331C26C147}.Release|Any CPU.ActiveCfg = Release|Any CPU
		{72250C02-EB3E-5AED-96FE-12331C26C147}.Release|Any CPU.Build.0 = Release|Any CPU
	EndGlobalSection
	GlobalSection(SolutionProperties) = preSolution
		HideSolutionNode = FALSE
	EndGlobalSection
EndGlobal
